<?xml version="1.0" encoding="utf-8"?>
<Project ToolsVersion="4.0" xmlns="http://schemas.microsoft.com/developer/msbuild/2003">
  <ItemGroup>
    <Filter Include="Source Files">
      <UniqueIdentifier>{4FC737F1-C7A5-4376-A066-2A32D752A2FF}</UniqueIdentifier>
      <Extensions>cpp;c;cc;cxx;c++;cppm;ixx;def;odl;idl;hpj;bat;asm;asmx</Extensions>
    </Filter>
    <Filter Include="Header Files">
      <UniqueIdentifier>{93995380-89BD-4b04-88EB-625FBE52EBFB}</UniqueIdentifier>
      <Extensions>h;hh;hpp;hxx;h++;hm;inl;inc;ipp;xsd</Extensions>
    </Filter>
    <Filter Include="Resource Files">
      <UniqueIdentifier>{67DA6AB6-F800-4c08-8B7A-83BB121AAD01}</UniqueIdentifier>
      <Extensions>rc;ico;cur;bmp;dlg;rc2;rct;bin;rgs;gif;jpg;jpeg;jpe;resx;tiff;tif;png;wav;mfcribbon-ms</Extensions>
    </Filter>
    <Filter Include="Header Files\cmd">
      <UniqueIdentifier>{d8f87a10-346a-45de-b2a3-dfc27cbf4b84}</UniqueIdentifier>
    </Filter>
    <Filter Include="Header Files\utility">
      <UniqueIdentifier>{6c4bc047-b243-4d11-9669-0cc422d6a91d}</UniqueIdentifier>
    </Filter>
    <Filter Include="Source Files\cmd">
      <UniqueIdentifier>{da7db3c9-d06f-42e9-b5b5-267a12f3978e}</UniqueIdentifier>
    </Filter>
    <Filter Include="Source Files\utility">
      <UniqueIdentifier>{36c389ce-be0b-4bb3-baa2-8b6c38374857}</UniqueIdentifier>
    </Filter>
    <Filter Include="Header Files\core">
      <UniqueIdentifier>{36970e50-4829-49d4-8afb-ae9685bb2138}</UniqueIdentifier>
    </Filter>
    <Filter Include="Source Files\core">
      <UniqueIdentifier>{67ffdcf4-9740-4347-87c4-2fe2c50c4b6b}</UniqueIdentifier>
    </Filter>
    <Filter Include="Header Files\common">
      <UniqueIdentifier>{b78acb5c-824c-4efa-9a00-2d13e255e677}</UniqueIdentifier>
    </Filter>
    <Filter Include="Source Files\test">
      <UniqueIdentifier>{416b80a7-a580-476c-a8d7-e6a93440ada0}</UniqueIdentifier>
    </Filter>
    <Filter Include="Source Files\common">
      <UniqueIdentifier>{7be4c390-f4cc-4e31-ba81-3e089ba65d38}</UniqueIdentifier>
    </Filter>
  </ItemGroup>
  <ItemGroup>
    <ClInclude Include="inc\utility\tinyxml.h">
      <Filter>Header Files\utility</Filter>
    </ClInclude>
    <ClInclude Include="inc\utility\xml.h">
      <Filter>Header Files\utility</Filter>
    </ClInclude>
    <ClInclude Include="inc\utility\Auxiliary.h">
      <Filter>Header Files\utility</Filter>
    </ClInclude>
    <ClInclude Include="inc\core\Entry.h">
      <Filter>Header Files\core</Filter>
    </ClInclude>
    <ClInclude Include="inc\common\Macros.h">
      <Filter>Header Files\common</Filter>
    </ClInclude>
    <ClInclude Include="inc\core\MemPool.h">
      <Filter>Header Files\core</Filter>
    </ClInclude>
    <ClInclude Include="inc\utility\OrderedList.h">
      <Filter>Header Files\utility</Filter>
    </ClInclude>
    <ClInclude Include="inc\utility\IntrusiveList.h">
      <Filter>Header Files\utility</Filter>
    </ClInclude>
    <ClInclude Include="inc\common\Test.h">
      <Filter>Header Files\common</Filter>
    </ClInclude>
    <ClInclude Include="inc\common\Logger.h">
      <Filter>Header Files\common</Filter>
    </ClInclude>
    <ClInclude Include="inc\cmd\Functions.h">
      <Filter>Header Files\cmd</Filter>
    </ClInclude>
    <ClInclude Include="inc\core\Global.h">
      <Filter>Header Files\core</Filter>
    </ClInclude>
    <ClInclude Include="inc\core\Config.h">
      <Filter>Header Files\core</Filter>
    </ClInclude>
    <ClInclude Include="inc\cmd\Command.h">
      <Filter>Header Files\cmd</Filter>
    </ClInclude>
    <ClInclude Include="inc\cmd\FunctionHeader.h">
      <Filter>Header Files\cmd</Filter>
    </ClInclude>
    <ClInclude Include="inc\core\PassDoc.h">
      <Filter>Header Files\core</Filter>
    </ClInclude>
    <ClInclude Include="resource.h">
      <Filter>Header Files</Filter>
    </ClInclude>
    <ClInclude Include="inc\cmd\Editor.h">
      <Filter>Header Files\cmd</Filter>
    </ClInclude>
    <ClInclude Include="inc\cmd\FunctionUtil.h">
      <Filter>Header Files\cmd</Filter>
    </ClInclude>
    <ClInclude Include="inc\cmd\Service.h">
      <Filter>Header Files\cmd</Filter>
    </ClInclude>
  </ItemGroup>
  <ItemGroup>
    <ClCompile Include="src\utility\xml.cpp">
      <Filter>Source Files\utility</Filter>
    </ClCompile>
    <ClCompile Include="src\test\OrderedListTest.cpp">
      <Filter>Source Files\test</Filter>
    </ClCompile>
    <ClCompile Include="src\test\TEATest.cpp">
      <Filter>Source Files\test</Filter>
    </ClCompile>
    <ClCompile Include="src\common\Logger.cpp">
      <Filter>Source Files\common</Filter>
    </ClCompile>
    <ClCompile Include="src\test\LoggerTest.cpp">
      <Filter>Source Files\test</Filter>
    </ClCompile>
    <ClCompile Include="src\test\PassDocTest.cpp">
      <Filter>Source Files\test</Filter>
    </ClCompile>
    <ClCompile Include="src\cmd\StartCommand.cpp">
      <Filter>Source Files\cmd</Filter>
    </ClCompile>
    <ClCompile Include="src\cmd\HostCommand.cpp">
      <Filter>Source Files\cmd</Filter>
    </ClCompile>
    <ClCompile Include="src\core\Global.cpp">
      <Filter>Source Files\core</Filter>
    </ClCompile>
    <ClCompile Include="src\core\Config.cpp">
      <Filter>Source Files\core</Filter>
    </ClCompile>
    <ClCompile Include="src\test\ConfigTest.cpp">
      <Filter>Source Files\test</Filter>
    </ClCompile>
    <ClCompile Include="src\cmd\Command.cpp">
      <Filter>Source Files\cmd</Filter>
    </ClCompile>
    <ClCompile Include="src\cmd\RegisterCommand.cpp">
      <Filter>Source Files\cmd</Filter>
    </ClCompile>
    <ClCompile Include="src\cmd\LoginCommand.cpp">
      <Filter>Source Files\cmd</Filter>
    </ClCompile>
    <ClCompile Include="src\core\PassDoc.cpp">
      <Filter>Source Files\core</Filter>
    </ClCompile>
    <ClCompile Include="src\Main.cpp">
      <Filter>Source Files</Filter>
    </ClCompile>
    <ClCompile Include="src\test\MainTest.cpp">
      <Filter>Source Files\test</Filter>
    </ClCompile>
    <ClCompile Include="src\cmd\Functions.cpp">
      <Filter>Source Files\cmd</Filter>
    </ClCompile>
    <ClCompile Include="src\cmd\TreeCommand.cpp">
      <Filter>Source Files\cmd</Filter>
    </ClCompile>
    <ClCompile Include="src\cmd\EditCommand.cpp">
      <Filter>Source Files\cmd</Filter>
    </ClCompile>
    <ClCompile Include="src\cmd\HelpCommand.cpp">
      <Filter>Source Files\cmd</Filter>
    </ClCompile>
    <ClCompile Include="src\cmd\ChangePasswordCommand.cpp">
      <Filter>Source Files\cmd</Filter>
    </ClCompile>
    <ClCompile Include="src\cmd\CheatCommand.cpp">
      <Filter>Source Files\cmd</Filter>
    </ClCompile>
    <ClCompile Include="src\cmd\FindCommand.cpp">
      <Filter>Source Files\cmd</Filter>
    </ClCompile>
    <ClCompile Include="src\utility\Auxiliary.cpp">
      <Filter>Source Files\utility</Filter>
    </ClCompile>
    <ClCompile Include="src\cmd\FunctionUtil.cpp">
      <Filter>Source Files\cmd</Filter>
    </ClCompile>
    <ClCompile Include="src\cmd\InitCommand.cpp">
      <Filter>Source Files\cmd</Filter>
    </ClCompile>
    <ClCompile Include="src\cmd\TeaCommand.cpp">
      <Filter>Source Files\cmd</Filter>
    </ClCompile>
  </ItemGroup>
  <ItemGroup>
    <ResourceCompile Include="PassBash.rc">
      <Filter>Resource Files</Filter>
    </ResourceCompile>
  </ItemGroup>
</Project>